# generated by rye
# use `rye lock` or `rye sync` to update this lockfile
#
# last locked with the following flags:
#   pre: false
#   features: []
#   all-features: false
#   with-sources: false
#   generate-hashes: false
#   universal: false

-e file:.
aiohappyeyeballs==2.3.4
    # via aiohttp
aiohttp==3.10.1
    # via llamaapi
aiosignal==1.3.1
    # via aiohttp
annotated-types==0.7.0
    # via pydantic
anyio==4.4.0
    # via httpx
attrs==23.2.0
    # via aiohttp
    # via cmd2
autopage==0.5.2
    # via cliff
blinker==1.8.2
    # via flask
certifi==2024.7.4
    # via httpcore
    # via httpx
    # via requests
cffi==1.16.0
    # via cryptography
charset-normalizer==3.3.2
    # via requests
click==8.1.7
    # via flask
cliff==4.7.0
    # via osc-lib
    # via python-mistralclient
cmd2==2.4.3
    # via cliff
cryptography==43.0.0
    # via openstacksdk
debtcollector==3.0.0
    # via oslo-utils
decorator==5.1.1
    # via dogpile-cache
    # via openstacksdk
dogpile-cache==1.3.3
    # via openstacksdk
flask==3.0.3
    # via llm-python
frozenlist==1.4.1
    # via aiohttp
    # via aiosignal
h11==0.14.0
    # via httpcore
httpcore==1.0.5
    # via httpx
httpx==0.27.0
    # via mistralai
    # via replicate
idna==3.7
    # via anyio
    # via httpx
    # via requests
    # via yarl
iso8601==2.1.0
    # via keystoneauth1
    # via openstacksdk
    # via oslo-utils
itsdangerous==2.2.0
    # via flask
jinja2==3.1.4
    # via flask
jmespath==1.0.1
    # via openstacksdk
jsonpatch==1.33
    # via openstacksdk
jsonpointer==3.0.0
    # via jsonpatch
keystoneauth1==5.7.0
    # via openstacksdk
    # via osc-lib
    # via python-mistralclient
llamaapi==0.1.36
    # via llm-python
markupsafe==2.1.5
    # via jinja2
    # via werkzeug
mistralai==0.4.2
    # via llm-python
msgpack==1.0.8
    # via oslo-serialization
multidict==6.0.5
    # via aiohttp
    # via yarl
nest-asyncio==1.6.0
    # via llamaapi
netaddr==1.3.0
    # via oslo-utils
netifaces==0.11.0
    # via openstacksdk
    # via oslo-utils
openstacksdk==3.3.0
    # via osc-lib
orjson==3.10.6
    # via mistralai
os-service-types==1.7.0
    # via keystoneauth1
    # via openstacksdk
osc-lib==3.1.0
    # via python-mistralclient
oslo-i18n==6.3.0
    # via osc-lib
    # via oslo-utils
    # via python-mistralclient
oslo-serialization==5.4.0
    # via python-mistralclient
oslo-utils==7.2.0
    # via osc-lib
    # via oslo-serialization
    # via python-mistralclient
packaging==24.1
    # via oslo-utils
    # via replicate
pbr==6.0.0
    # via keystoneauth1
    # via openstacksdk
    # via os-service-types
    # via osc-lib
    # via oslo-i18n
    # via oslo-serialization
    # via python-mistralclient
    # via stevedore
platformdirs==4.2.2
    # via openstacksdk
prettytable==3.10.2
    # via cliff
pycparser==2.22
    # via cffi
pydantic==2.8.2
    # via mistralai
    # via replicate
pydantic-core==2.20.1
    # via pydantic
pyparsing==3.1.2
    # via oslo-utils
pyperclip==1.9.0
    # via cmd2
python-mistralclient==5.2.0
    # via llm-python
pyyaml==6.0.1
    # via cliff
    # via openstacksdk
    # via oslo-utils
    # via python-mistralclient
replicate==0.31.0
    # via llm-python
requests==2.32.3
    # via keystoneauth1
    # via llamaapi
    # via llm-python
    # via osc-lib
    # via python-mistralclient
requestsexceptions==1.4.0
    # via openstacksdk
sniffio==1.3.1
    # via anyio
    # via httpx
stevedore==5.2.0
    # via cliff
    # via dogpile-cache
    # via keystoneauth1
    # via osc-lib
    # via python-mistralclient
typing-extensions==4.12.2
    # via pydantic
    # via pydantic-core
    # via replicate
tzdata==2024.1
    # via oslo-serialization
    # via oslo-utils
urllib3==2.2.2
    # via requests
wcwidth==0.2.13
    # via cmd2
    # via prettytable
werkzeug==3.0.3
    # via flask
wrapt==1.16.0
    # via debtcollector
yarl==1.9.4
    # via aiohttp
